
Microsoft Visual Studio Solution File, Format Version 12.00
# Visual Studio Version 16
VisualStudioVersion = 16.0.30804.86
MinimumVisualStudioVersion = 10.0.40219.1
Project("{FAE04EC0-301F-11D3-BF4B-00C04F79EFBC}") = "BlogReact.web", "BlogReact.web\BlogReact.web.csproj", "{183F5D99-5E91-4DE0-B4BF-AFD503CADE26}"
EndProject
Project("{FAE04EC0-301F-11D3-BF4B-00C04F79EFBC}") = "BlogReact.data", "BlogReact.data\BlogReact.data.csproj", "{F630653C-DCF2-4291-8056-A174952ED32B}"
EndProject
Global
	GlobalSection(SolutionConfigurationPlatforms) = preSolution
		Debug|Any CPU = Debug|Any CPU
		Release|Any CPU = Release|Any CPU
	EndGlobalSection
	GlobalSection(ProjectConfigurationPlatforms) = postSolution
		{183F5D99-5E91-4DE0-B4BF-AFD503CADE26}.Debug|Any CPU.ActiveCfg = Debug|Any CPU
		{183F5D99-5E91-4DE0-B4BF-AFD503CADE26}.Debug|Any CPU.Build.0 = Debug|Any CPU
		{183F5D99-5E91-4DE0-B4BF-AFD503CADE26}.Release|Any CPU.ActiveCfg = Release|Any CPU
		{183F5D99-5E91-4DE0-B4BF-AFD503CADE26}.Release|Any CPU.Build.0 = Release|Any CPU
		{F630653C-DCF2-4291-8056-A174952ED32B}.Debug|Any CPU.ActiveCfg = Debug|Any CPU
		{F630653C-DCF2-4291-8056-A174952ED32B}.Debug|Any CPU.Build.0 = Debug|Any CPU
		{F630653C-DCF2-4291-8056-A174952ED32B}.Release|Any CPU.ActiveCfg = Release|Any CPU
		{F630653C-DCF2-4291-8056-A174952ED32B}.Release|Any CPU.Build.0 = Release|Any CPU
	EndGlobalSection
	GlobalSection(SolutionProperties) = preSolution
		HideSolutionNode = FALSE
	EndGlobalSection
	GlobalSection(ExtensibilityGlobals) = postSolution
		SolutionGuid = {61EB19BA-F7CD-422F-BDDC-9CFA4DE2E489}
	EndGlobalSection
EndGlobal
